
Microsoft Visual Studio Solution File, Format Version 12.00
# Visual Studio Version 17
VisualStudioVersion = 17.11.35327.3
MinimumVisualStudioVersion = 10.0.40219.1
Project("{FAE04EC0-301F-11D3-BF4B-00C04F79EFBC}") = "LabyrinthLib", "LabyrinthLib.csproj", "{5E5DC136-C92E-43FB-AC67-248A388EB948}"
EndProject
Global
	GlobalSection(SolutionConfigurationPlatforms) = preSolution
		Debug|Any CPU = Debug|Any CPU
		Release|Any CPU = Release|Any CPU
	EndGlobalSection
	GlobalSection(ProjectConfigurationPlatforms) = postSolution
		{5E5DC136-C92E-43FB-AC67-248A388EB948}.Debug|Any CPU.ActiveCfg = Debug|Any CPU
		{5E5DC136-C92E-43FB-AC67-248A388EB948}.Debug|Any CPU.Build.0 = Debug|Any CPU
		{5E5DC136-C92E-43FB-AC67-248A388EB948}.Release|Any CPU.ActiveCfg = Release|Any CPU
		{5E5DC136-C92E-43FB-AC67-248A388EB948}.Release|Any CPU.Build.0 = Release|Any CPU
	EndGlobalSection
	GlobalSection(SolutionProperties) = preSolution
		HideSolutionNode = FALSE
	EndGlobalSection
	GlobalSection(ExtensibilityGlobals) = postSolution
		SolutionGuid = {C535418A-560A-4383-9513-EE0012C03171}
	EndGlobalSection
EndGlobal
