
Microsoft Visual Studio Solution File, Format Version 12.00
# Visual Studio Version 17
VisualStudioVersion = 17.11.35327.3
MinimumVisualStudioVersion = 10.0.40219.1
Project("{FAE04EC0-301F-11D3-BF4B-00C04F79EFBC}") = "lab1.test", "lab1.test.csproj", "{01B3E63B-9286-4C57-95A5-1DA04F3D2E3B}"
EndProject
Global
	GlobalSection(SolutionConfigurationPlatforms) = preSolution
		Debug|Any CPU = Debug|Any CPU
		Release|Any CPU = Release|Any CPU
	EndGlobalSection
	GlobalSection(ProjectConfigurationPlatforms) = postSolution
		{01B3E63B-9286-4C57-95A5-1DA04F3D2E3B}.Debug|Any CPU.ActiveCfg = Debug|Any CPU
		{01B3E63B-9286-4C57-95A5-1DA04F3D2E3B}.Debug|Any CPU.Build.0 = Debug|Any CPU
		{01B3E63B-9286-4C57-95A5-1DA04F3D2E3B}.Release|Any CPU.ActiveCfg = Release|Any CPU
		{01B3E63B-9286-4C57-95A5-1DA04F3D2E3B}.Release|Any CPU.Build.0 = Release|Any CPU
	EndGlobalSection
	GlobalSection(SolutionProperties) = preSolution
		HideSolutionNode = FALSE
	EndGlobalSection
	GlobalSection(ExtensibilityGlobals) = postSolution
		SolutionGuid = {4BE61346-F79E-459C-8ECA-B888A44EE5A8}
	EndGlobalSection
EndGlobal
